
Microsoft Visual Studio Solution File, Format Version 12.00
# Visual Studio Version 17
VisualStudioVersion = 17.3.32929.385
MinimumVisualStudioVersion = 10.0.40219.1
Project("{FAE04EC0-301F-11D3-BF4B-00C04F79EFBC}") = "c_interfaces", "c_interfaces.csproj", "{127A0E5D-27F6-4D31-8483-61A737C77C67}"
EndProject
Global
	GlobalSection(SolutionConfigurationPlatforms) = preSolution
		Debug|Any CPU = Debug|Any CPU
		Release|Any CPU = Release|Any CPU
	EndGlobalSection
	GlobalSection(ProjectConfigurationPlatforms) = postSolution
		{127A0E5D-27F6-4D31-8483-61A737C77C67}.Debug|Any CPU.ActiveCfg = Debug|Any CPU
		{127A0E5D-27F6-4D31-8483-61A737C77C67}.Debug|Any CPU.Build.0 = Debug|Any CPU
		{127A0E5D-27F6-4D31-8483-61A737C77C67}.Release|Any CPU.ActiveCfg = Release|Any CPU
		{127A0E5D-27F6-4D31-8483-61A737C77C67}.Release|Any CPU.Build.0 = Release|Any CPU
	EndGlobalSection
	GlobalSection(SolutionProperties) = preSolution
		HideSolutionNode = FALSE
	EndGlobalSection
	GlobalSection(ExtensibilityGlobals) = postSolution
		SolutionGuid = {A9A909AF-8C65-4C76-9B5F-4D30B39E62EE}
	EndGlobalSection
EndGlobal
