
Microsoft Visual Studio Solution File, Format Version 12.00
# Visual Studio Version 17
VisualStudioVersion = 17.3.32929.385
MinimumVisualStudioVersion = 10.0.40219.1
Project("{FAE04EC0-301F-11D3-BF4B-00C04F79EFBC}") = "C_torneo23", "C_torneo23\C_torneo23.csproj", "{0363A8BC-BE69-42E4-8F6D-2EC6A9AE30D7}"
EndProject
Global
	GlobalSection(SolutionConfigurationPlatforms) = preSolution
		Debug|Any CPU = Debug|Any CPU
		Release|Any CPU = Release|Any CPU
	EndGlobalSection
	GlobalSection(ProjectConfigurationPlatforms) = postSolution
		{0363A8BC-BE69-42E4-8F6D-2EC6A9AE30D7}.Debug|Any CPU.ActiveCfg = Debug|Any CPU
		{0363A8BC-BE69-42E4-8F6D-2EC6A9AE30D7}.Debug|Any CPU.Build.0 = Debug|Any CPU
		{0363A8BC-BE69-42E4-8F6D-2EC6A9AE30D7}.Release|Any CPU.ActiveCfg = Release|Any CPU
		{0363A8BC-BE69-42E4-8F6D-2EC6A9AE30D7}.Release|Any CPU.Build.0 = Release|Any CPU
	EndGlobalSection
	GlobalSection(SolutionProperties) = preSolution
		HideSolutionNode = FALSE
	EndGlobalSection
	GlobalSection(ExtensibilityGlobals) = postSolution
		SolutionGuid = {242AD6AC-1DBE-4B49-98AA-6077DE266438}
	EndGlobalSection
EndGlobal
